# THIS IS AN AUTOGENERATED FILE. DO NOT EDIT THIS FILE DIRECTLY.
# yarn lockfile v1


"@types/node@*", "@types/node@20.4.8":
  version "20.4.8"
  resolved "https://registry.yarnpkg.com/@types/node/-/node-20.4.8.tgz#b5dda19adaa473a9bf0ab5cbd8f30ec7d43f5c85"
  integrity sha512-0mHckf6D2DiIAzh8fM8f3HQCvMKDpK94YQ0DSVkfWTG9BZleYIWudw9cJxX8oCk9bM+vAkDyujDV6dmKHbvQpg==

"@types/ws@8.5.5":
  version "8.5.5"
  resolved "https://registry.yarnpkg.com/@types/ws/-/ws-8.5.5.tgz#af587964aa06682702ee6dcbc7be41a80e4b28eb"
  integrity sha512-lwhs8hktwxSjf9UaZ9tG5M03PGogvFaH8gUgLNbN9HKIg0dvv6q+gkSuJ8HN4/VbyxkuLzCjlN7GquQ0gUJfIg==
  dependencies:
    "@types/node" "*"

typescript@5.1.6:
  version "5.1.6"
  resolved "https://registry.yarnpkg.com/typescript/-/typescript-5.1.6.tgz#02f8ac202b6dad2c0dd5e0913745b47a37998274"
  integrity sha512-zaWCozRZ6DLEWAWFrVDz1H6FVXzUSfTy5FUMWsQlU8Ym5JP9eO4xkTIROFCQvhQf61z6O/G6ugw3SgAnvvm+HA==

ws@8.13.0:
  version "8.13.0"
  resolved "https://registry.yarnpkg.com/ws/-/ws-8.13.0.tgz#9a9fb92f93cf41512a0735c8f4dd09b8a1211cd0"
  integrity sha512-x9vcZYTrFPC7aSIbj7sRCYo7L/Xb8Iy+pW0ng0wt2vCJv7M9HOMy0UoN3rr+IFC7hb7vXoqS+P9ktyLLLhO+LA==
